
Microsoft Visual Studio Solution File, Format Version 12.00
Project("{FAE04EC0-301F-11D3-BF4B-00C04F79EFBC}") = "EndPoint", "EndPoint\EndPoint.csproj", "{EE3BF7FB-5564-48A2-AF8F-2BFFFAA44232}"
EndProject
Global
	GlobalSection(SolutionConfigurationPlatforms) = preSolution
		Debug|Any CPU = Debug|Any CPU
		Release|Any CPU = Release|Any CPU
	EndGlobalSection
	GlobalSection(ProjectConfigurationPlatforms) = postSolution
		{EE3BF7FB-5564-48A2-AF8F-2BFFFAA44232}.Debug|Any CPU.ActiveCfg = Debug|Any CPU
		{EE3BF7FB-5564-48A2-AF8F-2BFFFAA44232}.Debug|Any CPU.Build.0 = Debug|Any CPU
		{EE3BF7FB-5564-48A2-AF8F-2BFFFAA44232}.Release|Any CPU.ActiveCfg = Release|Any CPU
		{EE3BF7FB-5564-48A2-AF8F-2BFFFAA44232}.Release|Any CPU.Build.0 = Release|Any CPU
	EndGlobalSection
EndGlobal
