
Microsoft Visual Studio Solution File, Format Version 12.00
Project("{FAE04EC0-301F-11D3-BF4B-00C04F79EFBC}") = "EndPoint", "EndPoint\EndPoint.csproj", "{35C1CE09-1B9E-4AFE-9EDD-85F8874D857D}"
EndProject
Global
	GlobalSection(SolutionConfigurationPlatforms) = preSolution
		Debug|Any CPU = Debug|Any CPU
		Release|Any CPU = Release|Any CPU
	EndGlobalSection
	GlobalSection(ProjectConfigurationPlatforms) = postSolution
		{35C1CE09-1B9E-4AFE-9EDD-85F8874D857D}.Debug|Any CPU.ActiveCfg = Debug|Any CPU
		{35C1CE09-1B9E-4AFE-9EDD-85F8874D857D}.Debug|Any CPU.Build.0 = Debug|Any CPU
		{35C1CE09-1B9E-4AFE-9EDD-85F8874D857D}.Release|Any CPU.ActiveCfg = Release|Any CPU
		{35C1CE09-1B9E-4AFE-9EDD-85F8874D857D}.Release|Any CPU.Build.0 = Release|Any CPU
	EndGlobalSection
EndGlobal
