
Microsoft Visual Studio Solution File, Format Version 12.00
Project("{FAE04EC0-301F-11D3-BF4B-00C04F79EFBC}") = "StartPoint", "StartPoint\StartPoint.csproj", "{D390A8E6-15ED-4D2D-983D-10ABF90F22AE}"
EndProject
Global
	GlobalSection(SolutionConfigurationPlatforms) = preSolution
		Debug|Any CPU = Debug|Any CPU
		Release|Any CPU = Release|Any CPU
	EndGlobalSection
	GlobalSection(ProjectConfigurationPlatforms) = postSolution
		{D390A8E6-15ED-4D2D-983D-10ABF90F22AE}.Debug|Any CPU.ActiveCfg = Debug|Any CPU
		{D390A8E6-15ED-4D2D-983D-10ABF90F22AE}.Debug|Any CPU.Build.0 = Debug|Any CPU
		{D390A8E6-15ED-4D2D-983D-10ABF90F22AE}.Release|Any CPU.ActiveCfg = Release|Any CPU
		{D390A8E6-15ED-4D2D-983D-10ABF90F22AE}.Release|Any CPU.Build.0 = Release|Any CPU
	EndGlobalSection
EndGlobal
