
Microsoft Visual Studio Solution File, Format Version 12.00
Project("{FAE04EC0-301F-11D3-BF4B-00C04F79EFBC}") = "EndPoint", "EndPoint\EndPoint.csproj", "{509B8903-DEE6-4FFC-B4A4-362095FDCFD3}"
EndProject
Global
	GlobalSection(SolutionConfigurationPlatforms) = preSolution
		Debug|Any CPU = Debug|Any CPU
		Release|Any CPU = Release|Any CPU
	EndGlobalSection
	GlobalSection(ProjectConfigurationPlatforms) = postSolution
		{509B8903-DEE6-4FFC-B4A4-362095FDCFD3}.Debug|Any CPU.ActiveCfg = Debug|Any CPU
		{509B8903-DEE6-4FFC-B4A4-362095FDCFD3}.Debug|Any CPU.Build.0 = Debug|Any CPU
		{509B8903-DEE6-4FFC-B4A4-362095FDCFD3}.Release|Any CPU.ActiveCfg = Release|Any CPU
		{509B8903-DEE6-4FFC-B4A4-362095FDCFD3}.Release|Any CPU.Build.0 = Release|Any CPU
	EndGlobalSection
EndGlobal
