
Microsoft Visual Studio Solution File, Format Version 12.00
Project("{FAE04EC0-301F-11D3-BF4B-00C04F79EFBC}") = "EndPoint", "EndPoint\EndPoint.csproj", "{979DC099-030A-4EDB-8D32-422E178F5B52}"
EndProject
Global
	GlobalSection(SolutionConfigurationPlatforms) = preSolution
		Debug|Any CPU = Debug|Any CPU
		Release|Any CPU = Release|Any CPU
	EndGlobalSection
	GlobalSection(ProjectConfigurationPlatforms) = postSolution
		{979DC099-030A-4EDB-8D32-422E178F5B52}.Debug|Any CPU.ActiveCfg = Debug|Any CPU
		{979DC099-030A-4EDB-8D32-422E178F5B52}.Debug|Any CPU.Build.0 = Debug|Any CPU
		{979DC099-030A-4EDB-8D32-422E178F5B52}.Release|Any CPU.ActiveCfg = Release|Any CPU
		{979DC099-030A-4EDB-8D32-422E178F5B52}.Release|Any CPU.Build.0 = Release|Any CPU
	EndGlobalSection
EndGlobal
