
Microsoft Visual Studio Solution File, Format Version 12.00
Project("{FAE04EC0-301F-11D3-BF4B-00C04F79EFBC}") = "EndPoint", "EndPoint\EndPoint.csproj", "{CBB13264-38EB-4CBF-8C14-AD88848A186E}"
EndProject
Global
	GlobalSection(SolutionConfigurationPlatforms) = preSolution
		Debug|Any CPU = Debug|Any CPU
		Release|Any CPU = Release|Any CPU
	EndGlobalSection
	GlobalSection(ProjectConfigurationPlatforms) = postSolution
		{CBB13264-38EB-4CBF-8C14-AD88848A186E}.Debug|Any CPU.ActiveCfg = Debug|Any CPU
		{CBB13264-38EB-4CBF-8C14-AD88848A186E}.Debug|Any CPU.Build.0 = Debug|Any CPU
		{CBB13264-38EB-4CBF-8C14-AD88848A186E}.Release|Any CPU.ActiveCfg = Release|Any CPU
		{CBB13264-38EB-4CBF-8C14-AD88848A186E}.Release|Any CPU.Build.0 = Release|Any CPU
	EndGlobalSection
EndGlobal
